
Microsoft Visual Studio Solution File, Format Version 12.00
# Visual Studio Version 17
VisualStudioVersion = 17.0.31903.59
MinimumVisualStudioVersion = 10.0.40219.1
Project("{2150E333-8FDC-42A3-9474-1A3956D46DE8}") = "src", "src", "{35B81ED7-1586-4DF6-8E12-46220E044348}"
EndProject
Project("{FAE04EC0-301F-11D3-BF4B-00C04F79EFBC}") = "CommandAPI", "src\CommandAPI\CommandAPI.csproj", "{10B71985-0B18-4F0E-A3C4-F8DC3065B614}"
EndProject
Project("{2150E333-8FDC-42A3-9474-1A3956D46DE8}") = "test", "test", "{9455E22B-E3BF-46B5-8577-2E93D0E706CE}"
EndProject
Project("{FAE04EC0-301F-11D3-BF4B-00C04F79EFBC}") = "CommandAPI.Tests", "test\CommandAPI.Tests\CommandAPI.Tests.csproj", "{5D4C5F6D-A129-4BE6-A9E6-0A8098DA18C5}"
EndProject
Global
	GlobalSection(SolutionConfigurationPlatforms) = preSolution
		Debug|Any CPU = Debug|Any CPU
		Release|Any CPU = Release|Any CPU
	EndGlobalSection
	GlobalSection(SolutionProperties) = preSolution
		HideSolutionNode = FALSE
	EndGlobalSection
	GlobalSection(ProjectConfigurationPlatforms) = postSolution
		{10B71985-0B18-4F0E-A3C4-F8DC3065B614}.Debug|Any CPU.ActiveCfg = Debug|Any CPU
		{10B71985-0B18-4F0E-A3C4-F8DC3065B614}.Debug|Any CPU.Build.0 = Debug|Any CPU
		{10B71985-0B18-4F0E-A3C4-F8DC3065B614}.Release|Any CPU.ActiveCfg = Release|Any CPU
		{10B71985-0B18-4F0E-A3C4-F8DC3065B614}.Release|Any CPU.Build.0 = Release|Any CPU
		{5D4C5F6D-A129-4BE6-A9E6-0A8098DA18C5}.Debug|Any CPU.ActiveCfg = Debug|Any CPU
		{5D4C5F6D-A129-4BE6-A9E6-0A8098DA18C5}.Debug|Any CPU.Build.0 = Debug|Any CPU
		{5D4C5F6D-A129-4BE6-A9E6-0A8098DA18C5}.Release|Any CPU.ActiveCfg = Release|Any CPU
		{5D4C5F6D-A129-4BE6-A9E6-0A8098DA18C5}.Release|Any CPU.Build.0 = Release|Any CPU
	EndGlobalSection
	GlobalSection(NestedProjects) = preSolution
		{10B71985-0B18-4F0E-A3C4-F8DC3065B614} = {35B81ED7-1586-4DF6-8E12-46220E044348}
		{5D4C5F6D-A129-4BE6-A9E6-0A8098DA18C5} = {9455E22B-E3BF-46B5-8577-2E93D0E706CE}
	EndGlobalSection
EndGlobal
